
Microsoft Visual Studio Solution File, Format Version 12.00
# Visual Studio Version 16
VisualStudioVersion = 16.0.28729.10
MinimumVisualStudioVersion = 10.0.40219.1
Project("{FAE04EC0-301F-11D3-BF4B-00C04F79EFBC}") = "AirdropManagerV4", "src\AirdropManagerV4\AirdropManagerV4.csproj", "{FAFCCF8C-84E6-45E2-8C96-3DA246015707}"
EndProject
Project("{9A19103F-16F7-4668-BE54-9A1E7A4F7556}") = "AirdropManager", "src\AirdropManagerV5\AirdropManager.csproj", "{EE579A53-302C-44DD-B315-A2A1809FB00B}"
EndProject
Global
	GlobalSection(SolutionConfigurationPlatforms) = preSolution
		Debug|Any CPU = Debug|Any CPU
		Release|Any CPU = Release|Any CPU
	EndGlobalSection
	GlobalSection(ProjectConfigurationPlatforms) = postSolution
		{FAFCCF8C-84E6-45E2-8C96-3DA246015707}.Debug|Any CPU.ActiveCfg = Debug|Any CPU
		{FAFCCF8C-84E6-45E2-8C96-3DA246015707}.Debug|Any CPU.Build.0 = Debug|Any CPU
		{FAFCCF8C-84E6-45E2-8C96-3DA246015707}.Release|Any CPU.ActiveCfg = Release|Any CPU
		{FAFCCF8C-84E6-45E2-8C96-3DA246015707}.Release|Any CPU.Build.0 = Release|Any CPU
		{EE579A53-302C-44DD-B315-A2A1809FB00B}.Debug|Any CPU.ActiveCfg = Debug|Any CPU
		{EE579A53-302C-44DD-B315-A2A1809FB00B}.Debug|Any CPU.Build.0 = Debug|Any CPU
		{EE579A53-302C-44DD-B315-A2A1809FB00B}.Release|Any CPU.ActiveCfg = Release|Any CPU
		{EE579A53-302C-44DD-B315-A2A1809FB00B}.Release|Any CPU.Build.0 = Release|Any CPU
	EndGlobalSection
	GlobalSection(SolutionProperties) = preSolution
		HideSolutionNode = FALSE
	EndGlobalSection
	GlobalSection(ExtensibilityGlobals) = postSolution
		SolutionGuid = {7F8DBBEE-B3AF-48C3-BEF8-E8D3D6ACFEEA}
	EndGlobalSection
EndGlobal
