
Microsoft Visual Studio Solution File, Format Version 12.00
# Visual Studio Version 16
VisualStudioVersion = 16.0.29209.62
MinimumVisualStudioVersion = 10.0.40219.1
Project("{FAE04EC0-301F-11D3-BF4B-00C04F79EFBC}") = "AirdropManager", "AirdropManager\AirdropManager.csproj", "{0D0FFA9B-7FFC-4AAE-B991-3AD9E692F7A0}"
EndProject
Global
	GlobalSection(SolutionConfigurationPlatforms) = preSolution
		Debug|Any CPU = Debug|Any CPU
		Release|Any CPU = Release|Any CPU
	EndGlobalSection
	GlobalSection(ProjectConfigurationPlatforms) = postSolution
		{0D0FFA9B-7FFC-4AAE-B991-3AD9E692F7A0}.Debug|Any CPU.ActiveCfg = Debug|Any CPU
		{0D0FFA9B-7FFC-4AAE-B991-3AD9E692F7A0}.Debug|Any CPU.Build.0 = Debug|Any CPU
		{0D0FFA9B-7FFC-4AAE-B991-3AD9E692F7A0}.Release|Any CPU.ActiveCfg = Release|Any CPU
		{0D0FFA9B-7FFC-4AAE-B991-3AD9E692F7A0}.Release|Any CPU.Build.0 = Release|Any CPU
	EndGlobalSection
	GlobalSection(SolutionProperties) = preSolution
		HideSolutionNode = FALSE
	EndGlobalSection
	GlobalSection(ExtensibilityGlobals) = postSolution
		SolutionGuid = {7E67A4B5-1D0C-4B08-9663-D3C5B4465B59}
	EndGlobalSection
EndGlobal
